
Microsoft Visual Studio Solution File, Format Version 12.00
# Visual Studio 2017
Project("{FAE04EC0-301F-11D3-BF4B-00C04F79EFBC}") = "2018.3.14摄像机", "2018.3.14摄像机.csproj", "{315C77DF-A89B-514A-A0E4-9DD9D98D847B}"
EndProject
Project("{FAE04EC0-301F-11D3-BF4B-00C04F79EFBC}") = "2018.3.14摄像机.Editor", "2018.3.14摄像机.Editor.csproj", "{4C526E4D-1F62-E693-D2F5-9381A55CB1D4}"
EndProject
Global
	GlobalSection(SolutionConfigurationPlatforms) = preSolution
		Debug|Any CPU = Debug|Any CPU
		Release|Any CPU = Release|Any CPU
	EndGlobalSection
	GlobalSection(ProjectConfigurationPlatforms) = postSolution
		{315C77DF-A89B-514A-A0E4-9DD9D98D847B}.Debug|Any CPU.ActiveCfg = Debug|Any CPU
		{315C77DF-A89B-514A-A0E4-9DD9D98D847B}.Debug|Any CPU.Build.0 = Debug|Any CPU
		{315C77DF-A89B-514A-A0E4-9DD9D98D847B}.Release|Any CPU.ActiveCfg = Release|Any CPU
		{315C77DF-A89B-514A-A0E4-9DD9D98D847B}.Release|Any CPU.Build.0 = Release|Any CPU
		{4C526E4D-1F62-E693-D2F5-9381A55CB1D4}.Debug|Any CPU.ActiveCfg = Debug|Any CPU
		{4C526E4D-1F62-E693-D2F5-9381A55CB1D4}.Debug|Any CPU.Build.0 = Debug|Any CPU
		{4C526E4D-1F62-E693-D2F5-9381A55CB1D4}.Release|Any CPU.ActiveCfg = Release|Any CPU
		{4C526E4D-1F62-E693-D2F5-9381A55CB1D4}.Release|Any CPU.Build.0 = Release|Any CPU
	EndGlobalSection
	GlobalSection(SolutionProperties) = preSolution
		HideSolutionNode = FALSE
	EndGlobalSection
EndGlobal
